
Microsoft Visual Studio Solution File, Format Version 12.00
# Visual Studio Version 17
VisualStudioVersion = 17.3.32811.315
MinimumVisualStudioVersion = 10.0.40219.1
Project("{2150E333-8FDC-42A3-9474-1A3956D46DE8}") = "Tema 1", "Tema 1", "{0DE7AF75-81C3-47C6-9332-772A623FA3A4}"
EndProject
Project("{9A19103F-16F7-4668-BE54-9A1E7A4F7556}") = "El_Numero_Perfecto", "Tema 1\El_Numero_Perfecto\El_Numero_Perfecto\El_Numero_Perfecto.csproj", "{D3CBE8A8-D4A7-4932-BE90-1BA539B2CC21}"
EndProject
Project("{9A19103F-16F7-4668-BE54-9A1E7A4F7556}") = "Error_Al_Cubo", "Tema 1\Error_Al_Cubo\Error_Al_Cubo\Error_Al_Cubo.csproj", "{746A631F-9573-49AC-B264-AC2275FF9F03}"
EndProject
Project("{9A19103F-16F7-4668-BE54-9A1E7A4F7556}") = "Los_Primos", "Tema 1\Los_Primos\Los_Primos\Los_Primos.csproj", "{E1BF910D-F770-4030-B659-B1FC5AA5B4C9}"
EndProject
Project("{9A19103F-16F7-4668-BE54-9A1E7A4F7556}") = "Maximos_Minimos_Promedios", "Tema 1\Maximos_Minimos_Promedios\Maximos_Minimos_Promedios\Maximos_Minimos_Promedios.csproj", "{B48D1217-8F54-469C-9BDA-243E8069D6A2}"
EndProject
Project("{2150E333-8FDC-42A3-9474-1A3956D46DE8}") = "Tema 3", "Tema 3", "{76DC083C-A8F8-49C5-8328-FC48C4300A36}"
EndProject
Project("{9A19103F-16F7-4668-BE54-9A1E7A4F7556}") = "Aprendete_Las_Tablas", "Tema 3\Aprendete_Las_Tablas\Aprendete_Las_Tablas\Aprendete_Las_Tablas.csproj", "{81CF2A14-0CF2-4EC8-AF3A-245EB6A6B3E3}"
EndProject
Project("{9A19103F-16F7-4668-BE54-9A1E7A4F7556}") = "Calculadora_De_Areas", "Tema 3\Calculadora_De_Areas\Calculadora_De_Areas\Calculadora_De_Areas.csproj", "{97F8348B-5F27-40BF-8870-D434B8FB8AAE}"
EndProject
Project("{9A19103F-16F7-4668-BE54-9A1E7A4F7556}") = "Calcular_Un_Factorial", "Tema 3\Calcular_Un_Factorial\Calcular_Un_Factorial\Calcular_Un_Factorial.csproj", "{77BA2AB8-E6F2-432C-9EBA-CC6F3121DF89}"
EndProject
Project("{9A19103F-16F7-4668-BE54-9A1E7A4F7556}") = "Conversor_Binarios_Y_Decimal", "Tema 3\Conversor_Binarios_Y_Decimal\Conversor_Binarios_Y_Decimal\Conversor_Binarios_Y_Decimal.csproj", "{9C6470CC-F122-4DB2-AFB9-8DB5467F99FE}"
EndProject
Project("{9A19103F-16F7-4668-BE54-9A1E7A4F7556}") = "Desea_Continuar", "Tema 3\Desea_Continuar\Desea_Continuar\Desea_Continuar.csproj", "{D15BCFA2-8DE4-49EF-8F73-A42901C86707}"
EndProject
Project("{9A19103F-16F7-4668-BE54-9A1E7A4F7556}") = "La_Calculadora", "Tema 3\La_Calculadora\La_Calculadora\La_Calculadora.csproj", "{E14C5F6B-7F77-4FB4-8CB2-535349688AF7}"
EndProject
Project("{9A19103F-16F7-4668-BE54-9A1E7A4F7556}") = "Validador_de_Rango", "Tema 3\Validador_de_Rango\Validador_de_Rango\Validador_de_Rango.csproj", "{A67D4767-DEE7-4697-9123-7F8FD704A01E}"
EndProject
Project("{2150E333-8FDC-42A3-9474-1A3956D46DE8}") = "Tema 2", "Tema 2", "{F68F5604-5CF3-49AB-BBCC-4BC298509F4A}"
EndProject
Project("{9A19103F-16F7-4668-BE54-9A1E7A4F7556}") = "Sumador", "Tema 2\Sumador\Sumador.csproj", "{E45E0D9D-5CB8-49DE-ADA6-452311E44981}"
EndProject
Project("{9A19103F-16F7-4668-BE54-9A1E7A4F7556}") = "Tirame_Un_Centro", "Tema 1\Tirame_Un_Centro\Tirame_Un_Centro.csproj", "{A79B0009-8A4C-49C5-BCF6-2DE20FD09E6A}"
EndProject
Project("{2150E333-8FDC-42A3-9474-1A3956D46DE8}") = "Ahorcado", "Ahorcado", "{2F867D01-DAEC-410E-98A3-B5C4F14ABF18}"
EndProject
Project("{9A19103F-16F7-4668-BE54-9A1E7A4F7556}") = "AhorcadoNetCore", "Ahorcado\AhorcadoNetCore.csproj", "{2AAA77DF-EAAA-4507-AA82-02FD4AAFBD19}"
EndProject
Project("{2150E333-8FDC-42A3-9474-1A3956D46DE8}") = "Ejemplo de clase Encapsulamiento", "Ejemplo de clase Encapsulamiento", "{13532442-0690-4978-878C-175C97545415}"
EndProject
Project("{9A19103F-16F7-4668-BE54-9A1E7A4F7556}") = "Entidades", "Ejemplo Encapsulamiento\Entidades\Entidades.csproj", "{BA86CC1B-4085-4A2A-B72F-51C76DD2106A}"
EndProject
Project("{9A19103F-16F7-4668-BE54-9A1E7A4F7556}") = "EjerEncap1", "Ejemplo Encapsulamiento\EjerEncap1\EjerEncap1.csproj", "{8C053846-FE70-42A2-A6DD-902CC4F2C424}"
EndProject
Project("{2150E333-8FDC-42A3-9474-1A3956D46DE8}") = "Torneo", "Torneo", "{274F9C53-DA50-4B66-8693-D5B5C0122492}"
EndProject
Project("{9A19103F-16F7-4668-BE54-9A1E7A4F7556}") = "EntidadesDeporte", "Torneo\EntidadesDeporte\EntidadesDeporte.csproj", "{E314BCB2-2C3D-4D31-B276-48BC2DD9E653}"
EndProject
Project("{9A19103F-16F7-4668-BE54-9A1E7A4F7556}") = "TorneoFutbol", "Torneo\TorneoFutbol\TorneoFutbol.csproj", "{CDF42588-EC8E-4A5C-92BB-999D3F74A440}"
EndProject
Project("{9A19103F-16F7-4668-BE54-9A1E7A4F7556}") = "TorneoBasket", "Torneo\TorneoBasket\TorneoBasket.csproj", "{4AA0782C-895B-425E-B480-E3FA5E4E936D}"
EndProject
Project("{2150E333-8FDC-42A3-9474-1A3956D46DE8}") = "Concesionaria", "Concesionaria", "{DDF159CF-4EF9-48D0-8323-1C33D9C7D138}"
EndProject
Project("{FAE04EC0-301F-11D3-BF4B-00C04F79EFBC}") = "EntidadConcesionaria", "Concesionaria\EntidadConcesionaria\EntidadConcesionaria.csproj", "{D09A2A9C-47FA-4E01-A6D1-25AE0546DBCD}"
EndProject
Global
	GlobalSection(SolutionConfigurationPlatforms) = preSolution
		Debug|Any CPU = Debug|Any CPU
		Release|Any CPU = Release|Any CPU
	EndGlobalSection
	GlobalSection(ProjectConfigurationPlatforms) = postSolution
		{D3CBE8A8-D4A7-4932-BE90-1BA539B2CC21}.Debug|Any CPU.ActiveCfg = Debug|Any CPU
		{D3CBE8A8-D4A7-4932-BE90-1BA539B2CC21}.Debug|Any CPU.Build.0 = Debug|Any CPU
		{D3CBE8A8-D4A7-4932-BE90-1BA539B2CC21}.Release|Any CPU.ActiveCfg = Release|Any CPU
		{D3CBE8A8-D4A7-4932-BE90-1BA539B2CC21}.Release|Any CPU.Build.0 = Release|Any CPU
		{746A631F-9573-49AC-B264-AC2275FF9F03}.Debug|Any CPU.ActiveCfg = Debug|Any CPU
		{746A631F-9573-49AC-B264-AC2275FF9F03}.Debug|Any CPU.Build.0 = Debug|Any CPU
		{746A631F-9573-49AC-B264-AC2275FF9F03}.Release|Any CPU.ActiveCfg = Release|Any CPU
		{746A631F-9573-49AC-B264-AC2275FF9F03}.Release|Any CPU.Build.0 = Release|Any CPU
		{E1BF910D-F770-4030-B659-B1FC5AA5B4C9}.Debug|Any CPU.ActiveCfg = Debug|Any CPU
		{E1BF910D-F770-4030-B659-B1FC5AA5B4C9}.Debug|Any CPU.Build.0 = Debug|Any CPU
		{E1BF910D-F770-4030-B659-B1FC5AA5B4C9}.Release|Any CPU.ActiveCfg = Release|Any CPU
		{E1BF910D-F770-4030-B659-B1FC5AA5B4C9}.Release|Any CPU.Build.0 = Release|Any CPU
		{B48D1217-8F54-469C-9BDA-243E8069D6A2}.Debug|Any CPU.ActiveCfg = Debug|Any CPU
		{B48D1217-8F54-469C-9BDA-243E8069D6A2}.Debug|Any CPU.Build.0 = Debug|Any CPU
		{B48D1217-8F54-469C-9BDA-243E8069D6A2}.Release|Any CPU.ActiveCfg = Release|Any CPU
		{B48D1217-8F54-469C-9BDA-243E8069D6A2}.Release|Any CPU.Build.0 = Release|Any CPU
		{81CF2A14-0CF2-4EC8-AF3A-245EB6A6B3E3}.Debug|Any CPU.ActiveCfg = Debug|Any CPU
		{81CF2A14-0CF2-4EC8-AF3A-245EB6A6B3E3}.Debug|Any CPU.Build.0 = Debug|Any CPU
		{81CF2A14-0CF2-4EC8-AF3A-245EB6A6B3E3}.Release|Any CPU.ActiveCfg = Release|Any CPU
		{81CF2A14-0CF2-4EC8-AF3A-245EB6A6B3E3}.Release|Any CPU.Build.0 = Release|Any CPU
		{97F8348B-5F27-40BF-8870-D434B8FB8AAE}.Debug|Any CPU.ActiveCfg = Debug|Any CPU
		{97F8348B-5F27-40BF-8870-D434B8FB8AAE}.Debug|Any CPU.Build.0 = Debug|Any CPU
		{97F8348B-5F27-40BF-8870-D434B8FB8AAE}.Release|Any CPU.ActiveCfg = Release|Any CPU
		{97F8348B-5F27-40BF-8870-D434B8FB8AAE}.Release|Any CPU.Build.0 = Release|Any CPU
		{77BA2AB8-E6F2-432C-9EBA-CC6F3121DF89}.Debug|Any CPU.ActiveCfg = Debug|Any CPU
		{77BA2AB8-E6F2-432C-9EBA-CC6F3121DF89}.Debug|Any CPU.Build.0 = Debug|Any CPU
		{77BA2AB8-E6F2-432C-9EBA-CC6F3121DF89}.Release|Any CPU.ActiveCfg = Release|Any CPU
		{77BA2AB8-E6F2-432C-9EBA-CC6F3121DF89}.Release|Any CPU.Build.0 = Release|Any CPU
		{9C6470CC-F122-4DB2-AFB9-8DB5467F99FE}.Debug|Any CPU.ActiveCfg = Debug|Any CPU
		{9C6470CC-F122-4DB2-AFB9-8DB5467F99FE}.Debug|Any CPU.Build.0 = Debug|Any CPU
		{9C6470CC-F122-4DB2-AFB9-8DB5467F99FE}.Release|Any CPU.ActiveCfg = Release|Any CPU
		{9C6470CC-F122-4DB2-AFB9-8DB5467F99FE}.Release|Any CPU.Build.0 = Release|Any CPU
		{D15BCFA2-8DE4-49EF-8F73-A42901C86707}.Debug|Any CPU.ActiveCfg = Debug|Any CPU
		{D15BCFA2-8DE4-49EF-8F73-A42901C86707}.Debug|Any CPU.Build.0 = Debug|Any CPU
		{D15BCFA2-8DE4-49EF-8F73-A42901C86707}.Release|Any CPU.ActiveCfg = Release|Any CPU
		{D15BCFA2-8DE4-49EF-8F73-A42901C86707}.Release|Any CPU.Build.0 = Release|Any CPU
		{E14C5F6B-7F77-4FB4-8CB2-535349688AF7}.Debug|Any CPU.ActiveCfg = Debug|Any CPU
		{E14C5F6B-7F77-4FB4-8CB2-535349688AF7}.Debug|Any CPU.Build.0 = Debug|Any CPU
		{E14C5F6B-7F77-4FB4-8CB2-535349688AF7}.Release|Any CPU.ActiveCfg = Release|Any CPU
		{E14C5F6B-7F77-4FB4-8CB2-535349688AF7}.Release|Any CPU.Build.0 = Release|Any CPU
		{A67D4767-DEE7-4697-9123-7F8FD704A01E}.Debug|Any CPU.ActiveCfg = Debug|Any CPU
		{A67D4767-DEE7-4697-9123-7F8FD704A01E}.Debug|Any CPU.Build.0 = Debug|Any CPU
		{A67D4767-DEE7-4697-9123-7F8FD704A01E}.Release|Any CPU.ActiveCfg = Release|Any CPU
		{A67D4767-DEE7-4697-9123-7F8FD704A01E}.Release|Any CPU.Build.0 = Release|Any CPU
		{E45E0D9D-5CB8-49DE-ADA6-452311E44981}.Debug|Any CPU.ActiveCfg = Debug|Any CPU
		{E45E0D9D-5CB8-49DE-ADA6-452311E44981}.Debug|Any CPU.Build.0 = Debug|Any CPU
		{E45E0D9D-5CB8-49DE-ADA6-452311E44981}.Release|Any CPU.ActiveCfg = Release|Any CPU
		{E45E0D9D-5CB8-49DE-ADA6-452311E44981}.Release|Any CPU.Build.0 = Release|Any CPU
		{A79B0009-8A4C-49C5-BCF6-2DE20FD09E6A}.Debug|Any CPU.ActiveCfg = Debug|Any CPU
		{A79B0009-8A4C-49C5-BCF6-2DE20FD09E6A}.Debug|Any CPU.Build.0 = Debug|Any CPU
		{A79B0009-8A4C-49C5-BCF6-2DE20FD09E6A}.Release|Any CPU.ActiveCfg = Release|Any CPU
		{A79B0009-8A4C-49C5-BCF6-2DE20FD09E6A}.Release|Any CPU.Build.0 = Release|Any CPU
		{2AAA77DF-EAAA-4507-AA82-02FD4AAFBD19}.Debug|Any CPU.ActiveCfg = Debug|Any CPU
		{2AAA77DF-EAAA-4507-AA82-02FD4AAFBD19}.Debug|Any CPU.Build.0 = Debug|Any CPU
		{2AAA77DF-EAAA-4507-AA82-02FD4AAFBD19}.Release|Any CPU.ActiveCfg = Release|Any CPU
		{2AAA77DF-EAAA-4507-AA82-02FD4AAFBD19}.Release|Any CPU.Build.0 = Release|Any CPU
		{BA86CC1B-4085-4A2A-B72F-51C76DD2106A}.Debug|Any CPU.ActiveCfg = Debug|Any CPU
		{BA86CC1B-4085-4A2A-B72F-51C76DD2106A}.Debug|Any CPU.Build.0 = Debug|Any CPU
		{BA86CC1B-4085-4A2A-B72F-51C76DD2106A}.Release|Any CPU.ActiveCfg = Release|Any CPU
		{BA86CC1B-4085-4A2A-B72F-51C76DD2106A}.Release|Any CPU.Build.0 = Release|Any CPU
		{8C053846-FE70-42A2-A6DD-902CC4F2C424}.Debug|Any CPU.ActiveCfg = Debug|Any CPU
		{8C053846-FE70-42A2-A6DD-902CC4F2C424}.Debug|Any CPU.Build.0 = Debug|Any CPU
		{8C053846-FE70-42A2-A6DD-902CC4F2C424}.Release|Any CPU.ActiveCfg = Release|Any CPU
		{8C053846-FE70-42A2-A6DD-902CC4F2C424}.Release|Any CPU.Build.0 = Release|Any CPU
		{E314BCB2-2C3D-4D31-B276-48BC2DD9E653}.Debug|Any CPU.ActiveCfg = Debug|Any CPU
		{E314BCB2-2C3D-4D31-B276-48BC2DD9E653}.Debug|Any CPU.Build.0 = Debug|Any CPU
		{E314BCB2-2C3D-4D31-B276-48BC2DD9E653}.Release|Any CPU.ActiveCfg = Release|Any CPU
		{E314BCB2-2C3D-4D31-B276-48BC2DD9E653}.Release|Any CPU.Build.0 = Release|Any CPU
		{CDF42588-EC8E-4A5C-92BB-999D3F74A440}.Debug|Any CPU.ActiveCfg = Debug|Any CPU
		{CDF42588-EC8E-4A5C-92BB-999D3F74A440}.Debug|Any CPU.Build.0 = Debug|Any CPU
		{CDF42588-EC8E-4A5C-92BB-999D3F74A440}.Release|Any CPU.ActiveCfg = Release|Any CPU
		{CDF42588-EC8E-4A5C-92BB-999D3F74A440}.Release|Any CPU.Build.0 = Release|Any CPU
		{4AA0782C-895B-425E-B480-E3FA5E4E936D}.Debug|Any CPU.ActiveCfg = Debug|Any CPU
		{4AA0782C-895B-425E-B480-E3FA5E4E936D}.Debug|Any CPU.Build.0 = Debug|Any CPU
		{4AA0782C-895B-425E-B480-E3FA5E4E936D}.Release|Any CPU.ActiveCfg = Release|Any CPU
		{4AA0782C-895B-425E-B480-E3FA5E4E936D}.Release|Any CPU.Build.0 = Release|Any CPU
		{D09A2A9C-47FA-4E01-A6D1-25AE0546DBCD}.Debug|Any CPU.ActiveCfg = Debug|Any CPU
		{D09A2A9C-47FA-4E01-A6D1-25AE0546DBCD}.Debug|Any CPU.Build.0 = Debug|Any CPU
		{D09A2A9C-47FA-4E01-A6D1-25AE0546DBCD}.Release|Any CPU.ActiveCfg = Release|Any CPU
		{D09A2A9C-47FA-4E01-A6D1-25AE0546DBCD}.Release|Any CPU.Build.0 = Release|Any CPU
	EndGlobalSection
	GlobalSection(SolutionProperties) = preSolution
		HideSolutionNode = FALSE
	EndGlobalSection
	GlobalSection(NestedProjects) = preSolution
		{D3CBE8A8-D4A7-4932-BE90-1BA539B2CC21} = {0DE7AF75-81C3-47C6-9332-772A623FA3A4}
		{746A631F-9573-49AC-B264-AC2275FF9F03} = {0DE7AF75-81C3-47C6-9332-772A623FA3A4}
		{E1BF910D-F770-4030-B659-B1FC5AA5B4C9} = {0DE7AF75-81C3-47C6-9332-772A623FA3A4}
		{B48D1217-8F54-469C-9BDA-243E8069D6A2} = {0DE7AF75-81C3-47C6-9332-772A623FA3A4}
		{81CF2A14-0CF2-4EC8-AF3A-245EB6A6B3E3} = {76DC083C-A8F8-49C5-8328-FC48C4300A36}
		{97F8348B-5F27-40BF-8870-D434B8FB8AAE} = {76DC083C-A8F8-49C5-8328-FC48C4300A36}
		{77BA2AB8-E6F2-432C-9EBA-CC6F3121DF89} = {76DC083C-A8F8-49C5-8328-FC48C4300A36}
		{9C6470CC-F122-4DB2-AFB9-8DB5467F99FE} = {76DC083C-A8F8-49C5-8328-FC48C4300A36}
		{D15BCFA2-8DE4-49EF-8F73-A42901C86707} = {76DC083C-A8F8-49C5-8328-FC48C4300A36}
		{E14C5F6B-7F77-4FB4-8CB2-535349688AF7} = {76DC083C-A8F8-49C5-8328-FC48C4300A36}
		{A67D4767-DEE7-4697-9123-7F8FD704A01E} = {76DC083C-A8F8-49C5-8328-FC48C4300A36}
		{E45E0D9D-5CB8-49DE-ADA6-452311E44981} = {F68F5604-5CF3-49AB-BBCC-4BC298509F4A}
		{A79B0009-8A4C-49C5-BCF6-2DE20FD09E6A} = {0DE7AF75-81C3-47C6-9332-772A623FA3A4}
		{2AAA77DF-EAAA-4507-AA82-02FD4AAFBD19} = {2F867D01-DAEC-410E-98A3-B5C4F14ABF18}
		{BA86CC1B-4085-4A2A-B72F-51C76DD2106A} = {13532442-0690-4978-878C-175C97545415}
		{8C053846-FE70-42A2-A6DD-902CC4F2C424} = {13532442-0690-4978-878C-175C97545415}
		{E314BCB2-2C3D-4D31-B276-48BC2DD9E653} = {274F9C53-DA50-4B66-8693-D5B5C0122492}
		{CDF42588-EC8E-4A5C-92BB-999D3F74A440} = {274F9C53-DA50-4B66-8693-D5B5C0122492}
		{4AA0782C-895B-425E-B480-E3FA5E4E936D} = {274F9C53-DA50-4B66-8693-D5B5C0122492}
		{D09A2A9C-47FA-4E01-A6D1-25AE0546DBCD} = {DDF159CF-4EF9-48D0-8323-1C33D9C7D138}
	EndGlobalSection
	GlobalSection(ExtensibilityGlobals) = postSolution
		SolutionGuid = {DD05CC8E-425D-4675-A5B9-F5D5142405BB}
	EndGlobalSection
EndGlobal
